
Microsoft Visual Studio Solution File, Format Version 12.00
# Visual Studio Version 18
VisualStudioVersion = 18.2.11408.102
MinimumVisualStudioVersion = 10.0.40219.1
Project("{FAE04EC0-301F-11D3-BF4B-00C04F79EFBC}") = "Win32Api", "Win32Api.csproj", "{7C22DC91-ABC8-57C8-6DAC-2D7035CB8544}"
EndProject
Global
	GlobalSection(SolutionConfigurationPlatforms) = preSolution
		Debug|Any CPU = Debug|Any CPU
		Release|Any CPU = Release|Any CPU
	EndGlobalSection
	GlobalSection(ProjectConfigurationPlatforms) = postSolution
		{7C22DC91-ABC8-57C8-6DAC-2D7035CB8544}.Debug|Any CPU.ActiveCfg = Debug|Any CPU
		{7C22DC91-ABC8-57C8-6DAC-2D7035CB8544}.Debug|Any CPU.Build.0 = Debug|Any CPU
		{7C22DC91-ABC8-57C8-6DAC-2D7035CB8544}.Release|Any CPU.ActiveCfg = Release|Any CPU
		{7C22DC91-ABC8-57C8-6DAC-2D7035CB8544}.Release|Any CPU.Build.0 = Release|Any CPU
	EndGlobalSection
	GlobalSection(SolutionProperties) = preSolution
		HideSolutionNode = FALSE
	EndGlobalSection
	GlobalSection(ExtensibilityGlobals) = postSolution
		SolutionGuid = {5A8A582D-BF66-41A1-A408-CC73009A2BB1}
	EndGlobalSection
EndGlobal
